
Microsoft Visual Studio Solution File, Format Version 12.00
# Visual Studio 15
VisualStudioVersion = 15.0.27703.2042
MinimumVisualStudioVersion = 10.0.40219.1
Project("{FAE04EC0-301F-11D3-BF4B-00C04F79EFBC}") = "Moveset Editor", "Moveset Editor\Moveset Editor.csproj", "{1FAF007C-94D0-4FA8-9622-5678C399471A}"
EndProject
Project("{FAE04EC0-301F-11D3-BF4B-00C04F79EFBC}") = "MeowDSIO", "lib\DSIO\MeowDSIO\MeowDSIO.csproj", "{4AD69470-8146-4D20-94F0-DA9844EEE5A2}"
EndProject
Global
	GlobalSection(SolutionConfigurationPlatforms) = preSolution
		Debug|Any CPU = Debug|Any CPU
		Debug|x64 = Debug|x64
		Release|Any CPU = Release|Any CPU
		Release|x64 = Release|x64
	EndGlobalSection
	GlobalSection(ProjectConfigurationPlatforms) = postSolution
		{1FAF007C-94D0-4FA8-9622-5678C399471A}.Debug|Any CPU.ActiveCfg = Debug|Any CPU
		{1FAF007C-94D0-4FA8-9622-5678C399471A}.Debug|Any CPU.Build.0 = Debug|Any CPU
		{1FAF007C-94D0-4FA8-9622-5678C399471A}.Debug|x64.ActiveCfg = Debug|Any CPU
		{1FAF007C-94D0-4FA8-9622-5678C399471A}.Debug|x64.Build.0 = Debug|Any CPU
		{1FAF007C-94D0-4FA8-9622-5678C399471A}.Release|Any CPU.ActiveCfg = Release|Any CPU
		{1FAF007C-94D0-4FA8-9622-5678C399471A}.Release|Any CPU.Build.0 = Release|Any CPU
		{1FAF007C-94D0-4FA8-9622-5678C399471A}.Release|x64.ActiveCfg = Release|Any CPU
		{1FAF007C-94D0-4FA8-9622-5678C399471A}.Release|x64.Build.0 = Release|Any CPU
		{4AD69470-8146-4D20-94F0-DA9844EEE5A2}.Debug|Any CPU.ActiveCfg = Debug|Any CPU
		{4AD69470-8146-4D20-94F0-DA9844EEE5A2}.Debug|Any CPU.Build.0 = Debug|Any CPU
		{4AD69470-8146-4D20-94F0-DA9844EEE5A2}.Debug|x64.ActiveCfg = Debug|x64
		{4AD69470-8146-4D20-94F0-DA9844EEE5A2}.Debug|x64.Build.0 = Debug|x64
		{4AD69470-8146-4D20-94F0-DA9844EEE5A2}.Release|Any CPU.ActiveCfg = Release|Any CPU
		{4AD69470-8146-4D20-94F0-DA9844EEE5A2}.Release|Any CPU.Build.0 = Release|Any CPU
		{4AD69470-8146-4D20-94F0-DA9844EEE5A2}.Release|x64.ActiveCfg = Release|x64
		{4AD69470-8146-4D20-94F0-DA9844EEE5A2}.Release|x64.Build.0 = Release|x64
	EndGlobalSection
	GlobalSection(SolutionProperties) = preSolution
		HideSolutionNode = FALSE
	EndGlobalSection
	GlobalSection(ExtensibilityGlobals) = postSolution
		SolutionGuid = {125A696C-FEC6-46D0-BF00-29BC39D0899B}
	EndGlobalSection
EndGlobal
